# This file is autogenerated, do not edit; changes may be undone by the next 'dep ensure'.


[[projects]]
  digest = "1:5d3e23515e7916c152cc665eda0f7eaf6fdf8fdfe7c3dbac97049bcbd649b33f"
  name = "github.com/Knetic/govaluate"
  packages = ["."]
  pruneopts = "UT"
  revision = "d216395917cc49052c7c7094cf57f09657ca08a8"
  version = "v3.0.0"

[[projects]]
  digest = "1:8340874c98392123f5bf11c4e6e52ea328ec8312d9077e90e5a3ea6420c3a9c0"
  name = "github.com/OwnLocal/goes"
  packages = ["."]
  pruneopts = "UT"
  revision = "6c9647b81cbf8daf85a01b1c15a7cc23de351c27"
  version = "v1.0.0"

[[projects]]
  digest = "1:aed1350d0965246be812fc34631836d6ceaea5a32f27641753563fb3fb649dd6"
  name = "github.com/astaxie/beego"
  packages = [
    ".",
    "cache",
    "config",
    "context",
    "context/param",
    "grace",
    "httplib",
    "logs",
    "orm",
    "plugins/auth",
    "session",
    "testdata",
    "toolbox",
    "utils",
  ]
  pruneopts = "UT"
  revision = "1b6edafc96ad27b6515fafeccd7339dda3e997b1"
  version = "v1.11.1"

[[projects]]
  digest = "1:d52438bdbde50c0a7396bb7142680427efd5a4b1777e56e8ee0a5556d8f96a29"
  name = "github.com/beego/goyaml2"
  packages = ["."]
  pruneopts = "UT"
  revision = "5545475820ddd4db3f90a4900d44b65d077d702d"
  version = "2.0"

[[projects]]
  branch = "master"
  digest = "1:1cb60773d4377630e062f1d6b5fc73ea1be8fdba2c29b8abe7fb369105dfeb88"
  name = "github.com/beego/x2j"
  packages = ["."]
  pruneopts = "UT"
  revision = "a0352aadc5420072ebe692481a5d6913d77f8cf0"

[[projects]]
  branch = "master"
  digest = "1:f98385a9b77f6cacae716a59c04e6ac374d101466d4369c4e8cc706a39c4bb2e"
  name = "github.com/bradfitz/gomemcache"
  packages = ["memcache"]
  pruneopts = "UT"
  revision = "551aad21a6682b95329c1f5bd62ee5060d64f7e8"

[[projects]]
  digest = "1:c9a6803b8b14295b9ec5bf145bba2de6741509717687df47442282a71834c493"
  name = "github.com/casbin/casbin"
  packages = [
    ".",
    "config",
    "effect",
    "log",
    "model",
    "persist",
    "persist/file-adapter",
    "rbac",
    "rbac/default-role-manager",
    "util",
  ]
  pruneopts = "UT"
  revision = "4aa316fb68d44d4cc5ddd98d7e9ec80bc0a8b081"
  version = "v1.8.1"

[[projects]]
  branch = "master"
  digest = "1:05756b73bf7eae03d6f6c5f0ae83de42ce296e7d83336563dd9ce2072106d5e6"
  name = "github.com/cloudflare/golz4"
  packages = ["."]
  pruneopts = "UT"
  revision = "ef862a3cdc58a6f1fee4e3af3d44fbe279194cde"

[[projects]]
  branch = "master"
  digest = "1:496649a465ca053d2cf82c3d00403a7f8670fa21a1d064b29d1f34d75757b75e"
  name = "github.com/couchbase/go-couchbase"
  packages = ["."]
  pruneopts = "UT"
  revision = "6aeabeae85e5645306382779e3ee55a330ec558c"

[[projects]]
  branch = "master"
  digest = "1:2707d0d14f4ce15a566c28ee5f29dbc1f3dddd5c69582599c6b92157d5e11f1a"
  name = "github.com/couchbase/gomemcached"
  packages = [
    ".",
    "client",
  ]
  pruneopts = "UT"
  revision = "d7858f29a0569117ead6406e949dab3e62a1d1f6"

[[projects]]
  branch = "master"
  digest = "1:e0facb427cc5f4cca7dac015f9d0cf9a2b8692294bd23063a989389faf4a79a5"
  name = "github.com/couchbase/goutils"
  packages = [
    "logging",
    "scramsha",
  ]
  pruneopts = "UT"
  revision = "f9d42b11473b9742bc6c51ab502820cd2c279343"

[[projects]]
  branch = "master"
  digest = "1:0e958e3c1e8b51bea1f6e62d99bec59985fbb7185a38c09aaec142f2f82b1b9d"
  name = "github.com/cupcake/rdb"
  packages = [
    ".",
    "crc64",
    "nopdecoder",
  ]
  pruneopts = "UT"
  revision = "43ba34106c765f2111c0dc7b74cdf8ee437411e0"

[[projects]]
  digest = "1:edb569dd02419a41ddd98768cc0e7aec922ef19dae139731e5ca750afcf6f4c5"
  name = "github.com/edsrzf/mmap-go"
  packages = ["."]
  pruneopts = "UT"
  revision = "188cc3b666ba704534fa4f96e9e61f21f1e1ba7c"
  version = "v1.0.0"

[[projects]]
  digest = "1:f4f6279cb37479954644babd8f8ef00584ff9fa63555d2c6718c1c3517170202"
  name = "github.com/elazarl/go-bindata-assetfs"
  packages = ["."]
  pruneopts = "UT"
  revision = "30f82fa23fd844bd5bb1e5f216db87fd77b5eb43"
  version = "v1.0.0"

[[projects]]
  digest = "1:33082c63746b464db3d1c2c07a1396d860484d97fe857ef9e8668a9b406db09f"
  name = "github.com/go-redis/redis"
  packages = [
    ".",
    "internal",
    "internal/consistenthash",
    "internal/hashtag",
    "internal/pool",
    "internal/proto",
    "internal/util",
  ]
  pruneopts = "UT"
  revision = "d22fde8721cc915a55aeb6b00944a76a92bfeb6e"
  version = "v6.15.2"

[[projects]]
  digest = "1:ec6f9bf5e274c833c911923c9193867f3f18788c461f76f05f62bb1510e0ae65"
  name = "github.com/go-sql-driver/mysql"
  packages = ["."]
  pruneopts = "UT"
  revision = "72cd26f257d44c1114970e19afddcd812016007e"
  version = "v1.4.1"

[[projects]]
  digest = "1:48092bf6632f55839850666c33469f546f6d45fdbd59a66759ec12e84d853dc2"
  name = "github.com/gogo/protobuf"
  packages = ["proto"]
  pruneopts = "UT"
  revision = "ba06b47c162d49f2af050fb4c75bcbc86a159d5c"
  version = "v1.2.1"

[[projects]]
  digest = "1:e4f5819333ac698d294fe04dbf640f84719658d5c7ce195b10060cc37292ce79"
  name = "github.com/golang/snappy"
  packages = ["."]
  pruneopts = "UT"
  revision = "2a8bb927dd31d8daada140a5d09578521ce5c36a"
  version = "v0.0.1"

[[projects]]
  digest = "1:38ec74012390146c45af1f92d46e5382b50531247929ff3a685d2b2be65155ac"
  name = "github.com/gomodule/redigo"
  packages = [
    "internal",
    "redis",
  ]
  pruneopts = "UT"
  revision = "9c11da706d9b7902c6da69c592f75637793fe121"
  version = "v2.0.0"

[[projects]]
  digest = "1:bc1c0be40c67b6b4aee09d7508d5a2a52c1c116b1fa43806dad2b0d6b4d4003b"
  name = "github.com/lib/pq"
  packages = [
    ".",
    "oid",
    "scram",
  ]
  pruneopts = "UT"
  revision = "51e2106eed1cea199c802d2a49e91e2491b02056"
  version = "v1.1.0"

[[projects]]
  digest = "1:4a49346ca45376a2bba679ca0e83bec949d780d4e927931317904bad482943ec"
  name = "github.com/mattn/go-sqlite3"
  packages = ["."]
  pruneopts = "UT"
  revision = "c7c4067b79cc51e6dfdcef5c702e74b1e0fa7c75"
  version = "v1.10.0"

[[projects]]
  digest = "1:e0f50a07c0def90588d69f77178712c6fdc67eb6576365f551cce98b44b501bf"
  name = "github.com/pelletier/go-toml"
  packages = ["."]
  pruneopts = "UT"
  revision = "63909f0a90ab0f36909e8e044e46ace10cf13ba2"
  version = "v1.3.0"

[[projects]]
  digest = "1:cf31692c14422fa27c83a05292eb5cbe0fb2775972e8f1f8446a71549bd8980b"
  name = "github.com/pkg/errors"
  packages = ["."]
  pruneopts = "UT"
  revision = "ba968bfe8b2f7e042a574c888954fccecfa385b4"
  version = "v0.8.1"

[[projects]]
  branch = "master"
  digest = "1:44fbfce27cb96b7d20217634af466093485a3e8132820acbe95949cb64e7fc60"
  name = "github.com/shiena/ansicolor"
  packages = ["."]
  pruneopts = "UT"
  revision = "a422bbe96644373c5753384a59d678f7d261ff10"

[[projects]]
  branch = "master"
  digest = "1:81cd039986aace9719c68a9794fa8c9dd1007cffa1ff8995631e8ed35aacf6fe"
  name = "github.com/siddontang/go"
  packages = [
    "filelock",
    "hack",
    "ioutil2",
    "log",
    "num",
    "snappy",
    "sync2",
  ]
  pruneopts = "UT"
  revision = "bdc77568d726a8702315ec4eafda030b6abc4f43"

[[projects]]
  digest = "1:57fa421ec40e31a1bf0e212468868d7bd54b6fca302bddd603b4e5d5bce0da1e"
  name = "github.com/siddontang/ledisdb"
  packages = [
    "config",
    "ledis",
    "rpl",
    "store",
    "store/driver",
    "store/goleveldb",
    "store/leveldb",
    "store/rocksdb",
  ]
  pruneopts = "UT"
  revision = "56900470a899883f691bcdf6bea4ac547f2a9a6f"
  version = "v0.6"

[[projects]]
  branch = "master"
  digest = "1:4bf633831aa8be0ebff48b8a707aade5954e6e37f0efa8082533c24ab50daf3d"
  name = "github.com/siddontang/rdb"
  packages = ["."]
  pruneopts = "UT"
  revision = "fc89ed2e418d27e3ea76e708e54276d2b44ae9cf"

[[projects]]
  branch = "master"
  digest = "1:d10b3a360c88194693154b62242be36f656aa39ecb9c350d9a31de64c1451edf"
  name = "github.com/ssdb/gossdb"
  packages = ["ssdb"]
  pruneopts = "UT"
  revision = "88f6b59b84ece096894b780e7c17b54e1301cd5b"

[[projects]]
  digest = "1:b328380a161a7c62e8f9647a27c189e9b447785d49309a02d024d784f00280ce"
  name = "github.com/syndtr/goleveldb"
  packages = [
    "leveldb",
    "leveldb/cache",
    "leveldb/comparer",
    "leveldb/errors",
    "leveldb/filter",
    "leveldb/iterator",
    "leveldb/journal",
    "leveldb/memdb",
    "leveldb/opt",
    "leveldb/storage",
    "leveldb/table",
    "leveldb/util",
  ]
  pruneopts = "UT"
  revision = "cfa635847112c5dc4782e128fa7e0d05fdbfb394"

[[projects]]
  branch = "master"
  digest = "1:f73b04acb0db3d4a4b3ab8c68f70f81c685be4485e872c60440f1fd91066a486"
  name = "github.com/wendal/errors"
  packages = ["."]
  pruneopts = "UT"
  revision = "7f31f4b264ec95ca86f90649fe4dca4a2a690f4a"

[[projects]]
  digest = "1:6d963d44fbcf7a08ced7373a3a6d4973346072164cd2a8692f5bb49a0de73751"
  name = "golang.org/x/crypto"
  packages = [
    "acme",
    "acme/autocert",
    "pbkdf2",
  ]
  pruneopts = "UT"
  revision = "c126467f60eb25f8f27e5a981f32a87e3965053f"

[[projects]]
  branch = "master"
  digest = "1:76ee51c3f468493aff39dbacc401e8831fbb765104cbf613b89bef01cf4bad70"
  name = "golang.org/x/net"
  packages = ["context"]
  pruneopts = "UT"
  revision = "4829fb13d2c62012c17688fa7f629f371014946d"

[[projects]]
  branch = "master"
  digest = "1:38fc62caae4ecfec54e6047306fdf39210358fefce36fd9ed8e4d008fe150238"
  name = "golang.org/x/sys"
  packages = [
    "unix",
    "windows",
  ]
  pruneopts = "UT"
  revision = "d89cdac9e8725f2aefce25fcbfef41134c9ad412"

[[projects]]
  digest = "1:c25289f43ac4a68d88b02245742347c94f1e108c534dda442188015ff80669b3"
  name = "google.golang.org/appengine"
  packages = ["cloudsql"]
  pruneopts = "UT"
  revision = "54a98f90d1c46b7731eb8fb305d2a321c30ef610"
  version = "v1.5.0"

[[projects]]
  digest = "1:342378ac4dcb378a5448dd723f0784ae519383532f5e70ade24132c4c8693202"
  name = "gopkg.in/yaml.v2"
  packages = ["."]
  pruneopts = "UT"
  revision = "5420a8b6744d3b0345ab293f6fcba19c978f1183"
  version = "v2.2.1"

[solve-meta]
  analyzer-name = "dep"
  analyzer-version = 1
  input-imports = [
    "github.com/OwnLocal/goes",
    "github.com/astaxie/beego",
    "github.com/astaxie/beego/cache",
    "github.com/astaxie/beego/config",
    "github.com/astaxie/beego/context",
    "github.com/astaxie/beego/context/param",
    "github.com/astaxie/beego/grace",
    "github.com/astaxie/beego/httplib",
    "github.com/astaxie/beego/logs",
    "github.com/astaxie/beego/orm",
    "github.com/astaxie/beego/plugins/auth",
    "github.com/astaxie/beego/session",
    "github.com/astaxie/beego/testdata",
    "github.com/astaxie/beego/toolbox",
    "github.com/astaxie/beego/utils",
    "github.com/beego/goyaml2",
    "github.com/beego/x2j",
    "github.com/bradfitz/gomemcache/memcache",
    "github.com/casbin/casbin",
    "github.com/cloudflare/golz4",
    "github.com/couchbase/go-couchbase",
    "github.com/elazarl/go-bindata-assetfs",
    "github.com/go-redis/redis",
    "github.com/go-sql-driver/mysql",
    "github.com/gogo/protobuf/proto",
    "github.com/gomodule/redigo/redis",
    "github.com/lib/pq",
    "github.com/mattn/go-sqlite3",
    "github.com/shiena/ansicolor",
    "github.com/siddontang/ledisdb/config",
    "github.com/siddontang/ledisdb/ledis",
    "github.com/ssdb/gossdb/ssdb",
    "golang.org/x/crypto/acme/autocert",
    "gopkg.in/yaml.v2",
  ]
  solver-name = "gps-cdcl"
  solver-version = 1
